
Microsoft Visual Studio Solution File, Format Version 12.00
# Visual Studio Version 16
VisualStudioVersion = 16.0.30717.126
MinimumVisualStudioVersion = 10.0.40219.1
Project("{FAE04EC0-301F-11D3-BF4B-00C04F79EFBC}") = "AzureStorageBlobSample", "AzureStorageBlobSample\AzureStorageBlobSample.csproj", "{485D623F-8635-4592-8BAF-E0E0CB47A787}"
EndProject
Global
	GlobalSection(SolutionConfigurationPlatforms) = preSolution
		Debug|Any CPU = Debug|Any CPU
		Release|Any CPU = Release|Any CPU
	EndGlobalSection
	GlobalSection(ProjectConfigurationPlatforms) = postSolution
		{485D623F-8635-4592-8BAF-E0E0CB47A787}.Debug|Any CPU.ActiveCfg = Debug|Any CPU
		{485D623F-8635-4592-8BAF-E0E0CB47A787}.Debug|Any CPU.Build.0 = Debug|Any CPU
		{485D623F-8635-4592-8BAF-E0E0CB47A787}.Release|Any CPU.ActiveCfg = Release|Any CPU
		{485D623F-8635-4592-8BAF-E0E0CB47A787}.Release|Any CPU.Build.0 = Release|Any CPU
	EndGlobalSection
	GlobalSection(SolutionProperties) = preSolution
		HideSolutionNode = FALSE
	EndGlobalSection
	GlobalSection(ExtensibilityGlobals) = postSolution
		SolutionGuid = {883B3E42-94CC-45B3-B07C-134053EE5653}
	EndGlobalSection
EndGlobal
